# THIS IS AN AUTOGENERATED FILE. DO NOT EDIT THIS FILE DIRECTLY.
# yarn lockfile v1


moment@^2.17.1:
  version "2.17.1"
  resolved "https://registry.yarnpkg.com/moment/-/moment-2.17.1.tgz#fed9506063f36b10f066c8b59a144d7faebe1d82"

typescript@^2.1.6:
  version "2.1.6"
  resolved "https://registry.yarnpkg.com/typescript/-/typescript-2.1.6.tgz#40c7e6e9e5da7961b7718b55505f9cac9487a607"
